
Microsoft Visual Studio Solution File, Format Version 12.00
# Visual Studio 15
VisualStudioVersion = 15.0.26430.4
MinimumVisualStudioVersion = 10.0.40219.1
Project("{888888A0-9F3D-457C-B088-3A5042F75D52}") = "ACCE-MassImport", "ACCE-MassImport\ACCE-MassImport.pyproj", "{47CCB4E5-1CA4-4624-9F91-F75A0AB2143E}"
EndProject
Global
	GlobalSection(SolutionConfigurationPlatforms) = preSolution
		Debug|Any CPU = Debug|Any CPU
		Release|Any CPU = Release|Any CPU
	EndGlobalSection
	GlobalSection(ProjectConfigurationPlatforms) = postSolution
		{47CCB4E5-1CA4-4624-9F91-F75A0AB2143E}.Debug|Any CPU.ActiveCfg = Debug|Any CPU
		{47CCB4E5-1CA4-4624-9F91-F75A0AB2143E}.Release|Any CPU.ActiveCfg = Release|Any CPU
	EndGlobalSection
	GlobalSection(SolutionProperties) = preSolution
		HideSolutionNode = FALSE
	EndGlobalSection
EndGlobal
