
Microsoft Visual Studio Solution File, Format Version 12.00
# Visual Studio 15
VisualStudioVersion = 15.0.28010.2026
MinimumVisualStudioVersion = 10.0.40219.1
Project("{888888A0-9F3D-457C-B088-3A5042F75D52}") = "AE_Rest_Test", "AE_Rest_Test\AE_Rest_Test.pyproj", "{759B8B98-E108-4DB7-91F1-E786A7D9B641}"
EndProject
Global
	GlobalSection(SolutionConfigurationPlatforms) = preSolution
		Debug|Any CPU = Debug|Any CPU
		Release|Any CPU = Release|Any CPU
	EndGlobalSection
	GlobalSection(ProjectConfigurationPlatforms) = postSolution
		{759B8B98-E108-4DB7-91F1-E786A7D9B641}.Debug|Any CPU.ActiveCfg = Debug|Any CPU
		{759B8B98-E108-4DB7-91F1-E786A7D9B641}.Release|Any CPU.ActiveCfg = Release|Any CPU
	EndGlobalSection
	GlobalSection(SolutionProperties) = preSolution
		HideSolutionNode = FALSE
	EndGlobalSection
	GlobalSection(ExtensibilityGlobals) = postSolution
		SolutionGuid = {A15DB0A6-6C82-4F60-967A-702E2699B84F}
	EndGlobalSection
EndGlobal
